
Microsoft Visual Studio Solution File, Format Version 12.00
# Visual Studio 15
VisualStudioVersion = 15.0.27428.2037
MinimumVisualStudioVersion = 10.0.40219.1
Project("{FAE04EC0-301F-11D3-BF4B-00C04F79EFBC}") = "AppTest.Android", "AppTest\AppTest.Android\AppTest.Android.csproj", "{DB31B32A-2608-4DFA-9100-4DF7BA784BEF}"
EndProject
Project("{FAE04EC0-301F-11D3-BF4B-00C04F79EFBC}") = "AppTest.iOS", "AppTest\AppTest.iOS\AppTest.iOS.csproj", "{956510D0-1A79-434F-8692-1BFD69D4953B}"
EndProject
Project("{FAE04EC0-301F-11D3-BF4B-00C04F79EFBC}") = "AppTest.UWP", "AppTest\AppTest.UWP\AppTest.UWP.csproj", "{E1E685FA-2297-40D8-A526-A91879340C2D}"
EndProject
Project("{FAE04EC0-301F-11D3-BF4B-00C04F79EFBC}") = "AppTest", "AppTest\AppTest\AppTest.csproj", "{B1B257AE-7F1E-4CE4-971F-860C0A292BEA}"
EndProject
Global
	GlobalSection(SolutionConfigurationPlatforms) = preSolution
		Ad-Hoc|Any CPU = Ad-Hoc|Any CPU
		Ad-Hoc|ARM = Ad-Hoc|ARM
		Ad-Hoc|iPhone = Ad-Hoc|iPhone
		Ad-Hoc|iPhoneSimulator = Ad-Hoc|iPhoneSimulator
		Ad-Hoc|x64 = Ad-Hoc|x64
		Ad-Hoc|x86 = Ad-Hoc|x86
		AppStore|Any CPU = AppStore|Any CPU
		AppStore|ARM = AppStore|ARM
		AppStore|iPhone = AppStore|iPhone
		AppStore|iPhoneSimulator = AppStore|iPhoneSimulator
		AppStore|x64 = AppStore|x64
		AppStore|x86 = AppStore|x86
		Debug|Any CPU = Debug|Any CPU
		Debug|ARM = Debug|ARM
		Debug|iPhone = Debug|iPhone
		Debug|iPhoneSimulator = Debug|iPhoneSimulator
		Debug|x64 = Debug|x64
		Debug|x86 = Debug|x86
		Release|Any CPU = Release|Any CPU
		Release|ARM = Release|ARM
		Release|iPhone = Release|iPhone
		Release|iPhoneSimulator = Release|iPhoneSimulator
		Release|x64 = Release|x64
		Release|x86 = Release|x86
	EndGlobalSection
	GlobalSection(ProjectConfigurationPlatforms) = postSolution
		{DB31B32A-2608-4DFA-9100-4DF7BA784BEF}.Ad-Hoc|Any CPU.ActiveCfg = Release|Any CPU
		{DB31B32A-2608-4DFA-9100-4DF7BA784BEF}.Ad-Hoc|Any CPU.Build.0 = Release|Any CPU
		{DB31B32A-2608-4DFA-9100-4DF7BA784BEF}.Ad-Hoc|Any CPU.Deploy.0 = Release|Any CPU
		{DB31B32A-2608-4DFA-9100-4DF7BA784BEF}.Ad-Hoc|ARM.ActiveCfg = Release|Any CPU
		{DB31B32A-2608-4DFA-9100-4DF7BA784BEF}.Ad-Hoc|ARM.Build.0 = Release|Any CPU
		{DB31B32A-2608-4DFA-9100-4DF7BA784BEF}.Ad-Hoc|ARM.Deploy.0 = Release|Any CPU
		{DB31B32A-2608-4DFA-9100-4DF7BA784BEF}.Ad-Hoc|iPhone.ActiveCfg = Release|Any CPU
		{DB31B32A-2608-4DFA-9100-4DF7BA784BEF}.Ad-Hoc|iPhone.Build.0 = Release|Any CPU
		{DB31B32A-2608-4DFA-9100-4DF7BA784BEF}.Ad-Hoc|iPhone.Deploy.0 = Release|Any CPU
		{DB31B32A-2608-4DFA-9100-4DF7BA784BEF}.Ad-Hoc|iPhoneSimulator.ActiveCfg = Release|Any CPU
		{DB31B32A-2608-4DFA-9100-4DF7BA784BEF}.Ad-Hoc|iPhoneSimulator.Build.0 = Release|Any CPU
		{DB31B32A-2608-4DFA-9100-4DF7BA784BEF}.Ad-Hoc|iPhoneSimulator.Deploy.0 = Release|Any CPU
		{DB31B32A-2608-4DFA-9100-4DF7BA784BEF}.Ad-Hoc|x64.ActiveCfg = Release|Any CPU
		{DB31B32A-2608-4DFA-9100-4DF7BA784BEF}.Ad-Hoc|x64.Build.0 = Release|Any CPU
		{DB31B32A-2608-4DFA-9100-4DF7BA784BEF}.Ad-Hoc|x64.Deploy.0 = Release|Any CPU
		{DB31B32A-2608-4DFA-9100-4DF7BA784BEF}.Ad-Hoc|x86.ActiveCfg = Release|Any CPU
		{DB31B32A-2608-4DFA-9100-4DF7BA784BEF}.Ad-Hoc|x86.Build.0 = Release|Any CPU
		{DB31B32A-2608-4DFA-9100-4DF7BA784BEF}.Ad-Hoc|x86.Deploy.0 = Release|Any CPU
		{DB31B32A-2608-4DFA-9100-4DF7BA784BEF}.AppStore|Any CPU.ActiveCfg = Release|Any CPU
		{DB31B32A-2608-4DFA-9100-4DF7BA784BEF}.AppStore|Any CPU.Build.0 = Release|Any CPU
		{DB31B32A-2608-4DFA-9100-4DF7BA784BEF}.AppStore|Any CPU.Deploy.0 = Release|Any CPU
		{DB31B32A-2608-4DFA-9100-4DF7BA784BEF}.AppStore|ARM.ActiveCfg = Release|Any CPU
		{DB31B32A-2608-4DFA-9100-4DF7BA784BEF}.AppStore|ARM.Build.0 = Release|Any CPU
		{DB31B32A-2608-4DFA-9100-4DF7BA784BEF}.AppStore|ARM.Deploy.0 = Release|Any CPU
		{DB31B32A-2608-4DFA-9100-4DF7BA784BEF}.AppStore|iPhone.ActiveCfg = Release|Any CPU
		{DB31B32A-2608-4DFA-9100-4DF7BA784BEF}.AppStore|iPhone.Build.0 = Release|Any CPU
		{DB31B32A-2608-4DFA-9100-4DF7BA784BEF}.AppStore|iPhone.Deploy.0 = Release|Any CPU
		{DB31B32A-2608-4DFA-9100-4DF7BA784BEF}.AppStore|iPhoneSimulator.ActiveCfg = Release|Any CPU
		{DB31B32A-2608-4DFA-9100-4DF7BA784BEF}.AppStore|iPhoneSimulator.Build.0 = Release|Any CPU
		{DB31B32A-2608-4DFA-9100-4DF7BA784BEF}.AppStore|iPhoneSimulator.Deploy.0 = Release|Any CPU
		{DB31B32A-2608-4DFA-9100-4DF7BA784BEF}.AppStore|x64.ActiveCfg = Release|Any CPU
		{DB31B32A-2608-4DFA-9100-4DF7BA784BEF}.AppStore|x64.Build.0 = Release|Any CPU
		{DB31B32A-2608-4DFA-9100-4DF7BA784BEF}.AppStore|x64.Deploy.0 = Release|Any CPU
		{DB31B32A-2608-4DFA-9100-4DF7BA784BEF}.AppStore|x86.ActiveCfg = Release|Any CPU
		{DB31B32A-2608-4DFA-9100-4DF7BA784BEF}.AppStore|x86.Build.0 = Release|Any CPU
		{DB31B32A-2608-4DFA-9100-4DF7BA784BEF}.AppStore|x86.Deploy.0 = Release|Any CPU
		{DB31B32A-2608-4DFA-9100-4DF7BA784BEF}.Debug|Any CPU.ActiveCfg = Debug|Any CPU
		{DB31B32A-2608-4DFA-9100-4DF7BA784BEF}.Debug|Any CPU.Build.0 = Debug|Any CPU
		{DB31B32A-2608-4DFA-9100-4DF7BA784BEF}.Debug|Any CPU.Deploy.0 = Debug|Any CPU
		{DB31B32A-2608-4DFA-9100-4DF7BA784BEF}.Debug|ARM.ActiveCfg = Debug|Any CPU
		{DB31B32A-2608-4DFA-9100-4DF7BA784BEF}.Debug|ARM.Build.0 = Debug|Any CPU
		{DB31B32A-2608-4DFA-9100-4DF7BA784BEF}.Debug|ARM.Deploy.0 = Debug|Any CPU
		{DB31B32A-2608-4DFA-9100-4DF7BA784BEF}.Debug|iPhone.ActiveCfg = Debug|Any CPU
		{DB31B32A-2608-4DFA-9100-4DF7BA784BEF}.Debug|iPhone.Build.0 = Debug|Any CPU
		{DB31B32A-2608-4DFA-9100-4DF7BA784BEF}.Debug|iPhone.Deploy.0 = Debug|Any CPU
		{DB31B32A-2608-4DFA-9100-4DF7BA784BEF}.Debug|iPhoneSimulator.ActiveCfg = Debug|Any CPU
		{DB31B32A-2608-4DFA-9100-4DF7BA784BEF}.Debug|iPhoneSimulator.Build.0 = Debug|Any CPU
		{DB31B32A-2608-4DFA-9100-4DF7BA784BEF}.Debug|iPhoneSimulator.Deploy.0 = Debug|Any CPU
		{DB31B32A-2608-4DFA-9100-4DF7BA784BEF}.Debug|x64.ActiveCfg = Debug|Any CPU
		{DB31B32A-2608-4DFA-9100-4DF7BA784BEF}.Debug|x64.Build.0 = Debug|Any CPU
		{DB31B32A-2608-4DFA-9100-4DF7BA784BEF}.Debug|x64.Deploy.0 = Debug|Any CPU
		{DB31B32A-2608-4DFA-9100-4DF7BA784BEF}.Debug|x86.ActiveCfg = Debug|Any CPU
		{DB31B32A-2608-4DFA-9100-4DF7BA784BEF}.Debug|x86.Build.0 = Debug|Any CPU
		{DB31B32A-2608-4DFA-9100-4DF7BA784BEF}.Debug|x86.Deploy.0 = Debug|Any CPU
		{DB31B32A-2608-4DFA-9100-4DF7BA784BEF}.Release|Any CPU.ActiveCfg = Release|Any CPU
		{DB31B32A-2608-4DFA-9100-4DF7BA784BEF}.Release|Any CPU.Build.0 = Release|Any CPU
		{DB31B32A-2608-4DFA-9100-4DF7BA784BEF}.Release|Any CPU.Deploy.0 = Release|Any CPU
		{DB31B32A-2608-4DFA-9100-4DF7BA784BEF}.Release|ARM.ActiveCfg = Release|Any CPU
		{DB31B32A-2608-4DFA-9100-4DF7BA784BEF}.Release|ARM.Build.0 = Release|Any CPU
		{DB31B32A-2608-4DFA-9100-4DF7BA784BEF}.Release|ARM.Deploy.0 = Release|Any CPU
		{DB31B32A-2608-4DFA-9100-4DF7BA784BEF}.Release|iPhone.ActiveCfg = Release|Any CPU
		{DB31B32A-2608-4DFA-9100-4DF7BA784BEF}.Release|iPhone.Build.0 = Release|Any CPU
		{DB31B32A-2608-4DFA-9100-4DF7BA784BEF}.Release|iPhone.Deploy.0 = Release|Any CPU
		{DB31B32A-2608-4DFA-9100-4DF7BA784BEF}.Release|iPhoneSimulator.ActiveCfg = Release|Any CPU
		{DB31B32A-2608-4DFA-9100-4DF7BA784BEF}.Release|iPhoneSimulator.Build.0 = Release|Any CPU
		{DB31B32A-2608-4DFA-9100-4DF7BA784BEF}.Release|iPhoneSimulator.Deploy.0 = Release|Any CPU
		{DB31B32A-2608-4DFA-9100-4DF7BA784BEF}.Release|x64.ActiveCfg = Release|Any CPU
		{DB31B32A-2608-4DFA-9100-4DF7BA784BEF}.Release|x64.Build.0 = Release|Any CPU
		{DB31B32A-2608-4DFA-9100-4DF7BA784BEF}.Release|x64.Deploy.0 = Release|Any CPU
		{DB31B32A-2608-4DFA-9100-4DF7BA784BEF}.Release|x86.ActiveCfg = Release|Any CPU
		{DB31B32A-2608-4DFA-9100-4DF7BA784BEF}.Release|x86.Build.0 = Release|Any CPU
		{DB31B32A-2608-4DFA-9100-4DF7BA784BEF}.Release|x86.Deploy.0 = Release|Any CPU
		{956510D0-1A79-434F-8692-1BFD69D4953B}.Ad-Hoc|Any CPU.ActiveCfg = Ad-Hoc|iPhone
		{956510D0-1A79-434F-8692-1BFD69D4953B}.Ad-Hoc|ARM.ActiveCfg = Ad-Hoc|iPhone
		{956510D0-1A79-434F-8692-1BFD69D4953B}.Ad-Hoc|iPhone.ActiveCfg = Ad-Hoc|iPhone
		{956510D0-1A79-434F-8692-1BFD69D4953B}.Ad-Hoc|iPhone.Build.0 = Ad-Hoc|iPhone
		{956510D0-1A79-434F-8692-1BFD69D4953B}.Ad-Hoc|iPhoneSimulator.ActiveCfg = Ad-Hoc|iPhoneSimulator
		{956510D0-1A79-434F-8692-1BFD69D4953B}.Ad-Hoc|iPhoneSimulator.Build.0 = Ad-Hoc|iPhoneSimulator
		{956510D0-1A79-434F-8692-1BFD69D4953B}.Ad-Hoc|x64.ActiveCfg = Ad-Hoc|iPhone
		{956510D0-1A79-434F-8692-1BFD69D4953B}.Ad-Hoc|x86.ActiveCfg = Ad-Hoc|iPhone
		{956510D0-1A79-434F-8692-1BFD69D4953B}.AppStore|Any CPU.ActiveCfg = AppStore|iPhone
		{956510D0-1A79-434F-8692-1BFD69D4953B}.AppStore|ARM.ActiveCfg = AppStore|iPhone
		{956510D0-1A79-434F-8692-1BFD69D4953B}.AppStore|iPhone.ActiveCfg = AppStore|iPhone
		{956510D0-1A79-434F-8692-1BFD69D4953B}.AppStore|iPhone.Build.0 = AppStore|iPhone
		{956510D0-1A79-434F-8692-1BFD69D4953B}.AppStore|iPhoneSimulator.ActiveCfg = AppStore|iPhoneSimulator
		{956510D0-1A79-434F-8692-1BFD69D4953B}.AppStore|iPhoneSimulator.Build.0 = AppStore|iPhoneSimulator
		{956510D0-1A79-434F-8692-1BFD69D4953B}.AppStore|x64.ActiveCfg = AppStore|iPhone
		{956510D0-1A79-434F-8692-1BFD69D4953B}.AppStore|x86.ActiveCfg = AppStore|iPhone
		{956510D0-1A79-434F-8692-1BFD69D4953B}.Debug|Any CPU.ActiveCfg = Debug|iPhone
		{956510D0-1A79-434F-8692-1BFD69D4953B}.Debug|ARM.ActiveCfg = Debug|iPhone
		{956510D0-1A79-434F-8692-1BFD69D4953B}.Debug|iPhone.ActiveCfg = Debug|iPhone
		{956510D0-1A79-434F-8692-1BFD69D4953B}.Debug|iPhone.Build.0 = Debug|iPhone
		{956510D0-1A79-434F-8692-1BFD69D4953B}.Debug|iPhoneSimulator.ActiveCfg = Debug|iPhoneSimulator
		{956510D0-1A79-434F-8692-1BFD69D4953B}.Debug|iPhoneSimulator.Build.0 = Debug|iPhoneSimulator
		{956510D0-1A79-434F-8692-1BFD69D4953B}.Debug|x64.ActiveCfg = Debug|iPhone
		{956510D0-1A79-434F-8692-1BFD69D4953B}.Debug|x86.ActiveCfg = Debug|iPhone
		{956510D0-1A79-434F-8692-1BFD69D4953B}.Release|Any CPU.ActiveCfg = Release|iPhone
		{956510D0-1A79-434F-8692-1BFD69D4953B}.Release|ARM.ActiveCfg = Release|iPhone
		{956510D0-1A79-434F-8692-1BFD69D4953B}.Release|iPhone.ActiveCfg = Release|iPhone
		{956510D0-1A79-434F-8692-1BFD69D4953B}.Release|iPhone.Build.0 = Release|iPhone
		{956510D0-1A79-434F-8692-1BFD69D4953B}.Release|iPhoneSimulator.ActiveCfg = Release|iPhoneSimulator
		{956510D0-1A79-434F-8692-1BFD69D4953B}.Release|iPhoneSimulator.Build.0 = Release|iPhoneSimulator
		{956510D0-1A79-434F-8692-1BFD69D4953B}.Release|x64.ActiveCfg = Release|iPhone
		{956510D0-1A79-434F-8692-1BFD69D4953B}.Release|x86.ActiveCfg = Release|iPhone
		{E1E685FA-2297-40D8-A526-A91879340C2D}.Ad-Hoc|Any CPU.ActiveCfg = Release|x86
		{E1E685FA-2297-40D8-A526-A91879340C2D}.Ad-Hoc|Any CPU.Build.0 = Release|x86
		{E1E685FA-2297-40D8-A526-A91879340C2D}.Ad-Hoc|Any CPU.Deploy.0 = Release|x86
		{E1E685FA-2297-40D8-A526-A91879340C2D}.Ad-Hoc|ARM.ActiveCfg = Release|ARM
		{E1E685FA-2297-40D8-A526-A91879340C2D}.Ad-Hoc|ARM.Build.0 = Release|ARM
		{E1E685FA-2297-40D8-A526-A91879340C2D}.Ad-Hoc|ARM.Deploy.0 = Release|ARM
		{E1E685FA-2297-40D8-A526-A91879340C2D}.Ad-Hoc|iPhone.ActiveCfg = Release|x86
		{E1E685FA-2297-40D8-A526-A91879340C2D}.Ad-Hoc|iPhone.Build.0 = Release|x86
		{E1E685FA-2297-40D8-A526-A91879340C2D}.Ad-Hoc|iPhone.Deploy.0 = Release|x86
		{E1E685FA-2297-40D8-A526-A91879340C2D}.Ad-Hoc|iPhoneSimulator.ActiveCfg = Release|x86
		{E1E685FA-2297-40D8-A526-A91879340C2D}.Ad-Hoc|iPhoneSimulator.Build.0 = Release|x86
		{E1E685FA-2297-40D8-A526-A91879340C2D}.Ad-Hoc|iPhoneSimulator.Deploy.0 = Release|x86
		{E1E685FA-2297-40D8-A526-A91879340C2D}.Ad-Hoc|x64.ActiveCfg = Release|x64
		{E1E685FA-2297-40D8-A526-A91879340C2D}.Ad-Hoc|x64.Build.0 = Release|x64
		{E1E685FA-2297-40D8-A526-A91879340C2D}.Ad-Hoc|x64.Deploy.0 = Release|x64
		{E1E685FA-2297-40D8-A526-A91879340C2D}.Ad-Hoc|x86.ActiveCfg = Release|x86
		{E1E685FA-2297-40D8-A526-A91879340C2D}.Ad-Hoc|x86.Build.0 = Release|x86
		{E1E685FA-2297-40D8-A526-A91879340C2D}.Ad-Hoc|x86.Deploy.0 = Release|x86
		{E1E685FA-2297-40D8-A526-A91879340C2D}.AppStore|Any CPU.ActiveCfg = Release|x86
		{E1E685FA-2297-40D8-A526-A91879340C2D}.AppStore|Any CPU.Build.0 = Release|x86
		{E1E685FA-2297-40D8-A526-A91879340C2D}.AppStore|Any CPU.Deploy.0 = Release|x86
		{E1E685FA-2297-40D8-A526-A91879340C2D}.AppStore|ARM.ActiveCfg = Release|ARM
		{E1E685FA-2297-40D8-A526-A91879340C2D}.AppStore|ARM.Build.0 = Release|ARM
		{E1E685FA-2297-40D8-A526-A91879340C2D}.AppStore|ARM.Deploy.0 = Release|ARM
		{E1E685FA-2297-40D8-A526-A91879340C2D}.AppStore|iPhone.ActiveCfg = Release|x86
		{E1E685FA-2297-40D8-A526-A91879340C2D}.AppStore|iPhone.Build.0 = Release|x86
		{E1E685FA-2297-40D8-A526-A91879340C2D}.AppStore|iPhone.Deploy.0 = Release|x86
		{E1E685FA-2297-40D8-A526-A91879340C2D}.AppStore|iPhoneSimulator.ActiveCfg = Release|x86
		{E1E685FA-2297-40D8-A526-A91879340C2D}.AppStore|iPhoneSimulator.Build.0 = Release|x86
		{E1E685FA-2297-40D8-A526-A91879340C2D}.AppStore|iPhoneSimulator.Deploy.0 = Release|x86
		{E1E685FA-2297-40D8-A526-A91879340C2D}.AppStore|x64.ActiveCfg = Release|x64
		{E1E685FA-2297-40D8-A526-A91879340C2D}.AppStore|x64.Build.0 = Release|x64
		{E1E685FA-2297-40D8-A526-A91879340C2D}.AppStore|x64.Deploy.0 = Release|x64
		{E1E685FA-2297-40D8-A526-A91879340C2D}.AppStore|x86.ActiveCfg = Release|x86
		{E1E685FA-2297-40D8-A526-A91879340C2D}.AppStore|x86.Build.0 = Release|x86
		{E1E685FA-2297-40D8-A526-A91879340C2D}.AppStore|x86.Deploy.0 = Release|x86
		{E1E685FA-2297-40D8-A526-A91879340C2D}.Debug|Any CPU.ActiveCfg = Debug|x86
		{E1E685FA-2297-40D8-A526-A91879340C2D}.Debug|ARM.ActiveCfg = Debug|ARM
		{E1E685FA-2297-40D8-A526-A91879340C2D}.Debug|ARM.Build.0 = Debug|ARM
		{E1E685FA-2297-40D8-A526-A91879340C2D}.Debug|ARM.Deploy.0 = Debug|ARM
		{E1E685FA-2297-40D8-A526-A91879340C2D}.Debug|iPhone.ActiveCfg = Debug|x86
		{E1E685FA-2297-40D8-A526-A91879340C2D}.Debug|iPhoneSimulator.ActiveCfg = Debug|x86
		{E1E685FA-2297-40D8-A526-A91879340C2D}.Debug|x64.ActiveCfg = Debug|x64
		{E1E685FA-2297-40D8-A526-A91879340C2D}.Debug|x64.Build.0 = Debug|x64
		{E1E685FA-2297-40D8-A526-A91879340C2D}.Debug|x64.Deploy.0 = Debug|x64
		{E1E685FA-2297-40D8-A526-A91879340C2D}.Debug|x86.ActiveCfg = Debug|x86
		{E1E685FA-2297-40D8-A526-A91879340C2D}.Debug|x86.Build.0 = Debug|x86
		{E1E685FA-2297-40D8-A526-A91879340C2D}.Debug|x86.Deploy.0 = Debug|x86
		{E1E685FA-2297-40D8-A526-A91879340C2D}.Release|Any CPU.ActiveCfg = Release|x86
		{E1E685FA-2297-40D8-A526-A91879340C2D}.Release|ARM.ActiveCfg = Release|ARM
		{E1E685FA-2297-40D8-A526-A91879340C2D}.Release|ARM.Build.0 = Release|ARM
		{E1E685FA-2297-40D8-A526-A91879340C2D}.Release|ARM.Deploy.0 = Release|ARM
		{E1E685FA-2297-40D8-A526-A91879340C2D}.Release|iPhone.ActiveCfg = Release|x86
		{E1E685FA-2297-40D8-A526-A91879340C2D}.Release|iPhoneSimulator.ActiveCfg = Release|x86
		{E1E685FA-2297-40D8-A526-A91879340C2D}.Release|x64.ActiveCfg = Release|x64
		{E1E685FA-2297-40D8-A526-A91879340C2D}.Release|x64.Build.0 = Release|x64
		{E1E685FA-2297-40D8-A526-A91879340C2D}.Release|x64.Deploy.0 = Release|x64
		{E1E685FA-2297-40D8-A526-A91879340C2D}.Release|x86.ActiveCfg = Release|x86
		{E1E685FA-2297-40D8-A526-A91879340C2D}.Release|x86.Build.0 = Release|x86
		{E1E685FA-2297-40D8-A526-A91879340C2D}.Release|x86.Deploy.0 = Release|x86
		{B1B257AE-7F1E-4CE4-971F-860C0A292BEA}.Ad-Hoc|Any CPU.ActiveCfg = Debug|Any CPU
		{B1B257AE-7F1E-4CE4-971F-860C0A292BEA}.Ad-Hoc|Any CPU.Build.0 = Debug|Any CPU
		{B1B257AE-7F1E-4CE4-971F-860C0A292BEA}.Ad-Hoc|ARM.ActiveCfg = Debug|Any CPU
		{B1B257AE-7F1E-4CE4-971F-860C0A292BEA}.Ad-Hoc|ARM.Build.0 = Debug|Any CPU
		{B1B257AE-7F1E-4CE4-971F-860C0A292BEA}.Ad-Hoc|iPhone.ActiveCfg = Debug|Any CPU
		{B1B257AE-7F1E-4CE4-971F-860C0A292BEA}.Ad-Hoc|iPhone.Build.0 = Debug|Any CPU
		{B1B257AE-7F1E-4CE4-971F-860C0A292BEA}.Ad-Hoc|iPhoneSimulator.ActiveCfg = Debug|Any CPU
		{B1B257AE-7F1E-4CE4-971F-860C0A292BEA}.Ad-Hoc|iPhoneSimulator.Build.0 = Debug|Any CPU
		{B1B257AE-7F1E-4CE4-971F-860C0A292BEA}.Ad-Hoc|x64.ActiveCfg = Debug|Any CPU
		{B1B257AE-7F1E-4CE4-971F-860C0A292BEA}.Ad-Hoc|x64.Build.0 = Debug|Any CPU
		{B1B257AE-7F1E-4CE4-971F-860C0A292BEA}.Ad-Hoc|x86.ActiveCfg = Debug|Any CPU
		{B1B257AE-7F1E-4CE4-971F-860C0A292BEA}.Ad-Hoc|x86.Build.0 = Debug|Any CPU
		{B1B257AE-7F1E-4CE4-971F-860C0A292BEA}.AppStore|Any CPU.ActiveCfg = Debug|Any CPU
		{B1B257AE-7F1E-4CE4-971F-860C0A292BEA}.AppStore|Any CPU.Build.0 = Debug|Any CPU
		{B1B257AE-7F1E-4CE4-971F-860C0A292BEA}.AppStore|ARM.ActiveCfg = Debug|Any CPU
		{B1B257AE-7F1E-4CE4-971F-860C0A292BEA}.AppStore|ARM.Build.0 = Debug|Any CPU
		{B1B257AE-7F1E-4CE4-971F-860C0A292BEA}.AppStore|iPhone.ActiveCfg = Debug|Any CPU
		{B1B257AE-7F1E-4CE4-971F-860C0A292BEA}.AppStore|iPhone.Build.0 = Debug|Any CPU
		{B1B257AE-7F1E-4CE4-971F-860C0A292BEA}.AppStore|iPhoneSimulator.ActiveCfg = Debug|Any CPU
		{B1B257AE-7F1E-4CE4-971F-860C0A292BEA}.AppStore|iPhoneSimulator.Build.0 = Debug|Any CPU
		{B1B257AE-7F1E-4CE4-971F-860C0A292BEA}.AppStore|x64.ActiveCfg = Debug|Any CPU
		{B1B257AE-7F1E-4CE4-971F-860C0A292BEA}.AppStore|x64.Build.0 = Debug|Any CPU
		{B1B257AE-7F1E-4CE4-971F-860C0A292BEA}.AppStore|x86.ActiveCfg = Debug|Any CPU
		{B1B257AE-7F1E-4CE4-971F-860C0A292BEA}.AppStore|x86.Build.0 = Debug|Any CPU
		{B1B257AE-7F1E-4CE4-971F-860C0A292BEA}.Debug|Any CPU.ActiveCfg = Debug|Any CPU
		{B1B257AE-7F1E-4CE4-971F-860C0A292BEA}.Debug|Any CPU.Build.0 = Debug|Any CPU
		{B1B257AE-7F1E-4CE4-971F-860C0A292BEA}.Debug|ARM.ActiveCfg = Debug|Any CPU
		{B1B257AE-7F1E-4CE4-971F-860C0A292BEA}.Debug|ARM.Build.0 = Debug|Any CPU
		{B1B257AE-7F1E-4CE4-971F-860C0A292BEA}.Debug|iPhone.ActiveCfg = Debug|Any CPU
		{B1B257AE-7F1E-4CE4-971F-860C0A292BEA}.Debug|iPhone.Build.0 = Debug|Any CPU
		{B1B257AE-7F1E-4CE4-971F-860C0A292BEA}.Debug|iPhoneSimulator.ActiveCfg = Debug|Any CPU
		{B1B257AE-7F1E-4CE4-971F-860C0A292BEA}.Debug|iPhoneSimulator.Build.0 = Debug|Any CPU
		{B1B257AE-7F1E-4CE4-971F-860C0A292BEA}.Debug|x64.ActiveCfg = Debug|Any CPU
		{B1B257AE-7F1E-4CE4-971F-860C0A292BEA}.Debug|x64.Build.0 = Debug|Any CPU
		{B1B257AE-7F1E-4CE4-971F-860C0A292BEA}.Debug|x86.ActiveCfg = Debug|Any CPU
		{B1B257AE-7F1E-4CE4-971F-860C0A292BEA}.Debug|x86.Build.0 = Debug|Any CPU
		{B1B257AE-7F1E-4CE4-971F-860C0A292BEA}.Release|Any CPU.ActiveCfg = Release|Any CPU
		{B1B257AE-7F1E-4CE4-971F-860C0A292BEA}.Release|Any CPU.Build.0 = Release|Any CPU
		{B1B257AE-7F1E-4CE4-971F-860C0A292BEA}.Release|ARM.ActiveCfg = Release|Any CPU
		{B1B257AE-7F1E-4CE4-971F-860C0A292BEA}.Release|ARM.Build.0 = Release|Any CPU
		{B1B257AE-7F1E-4CE4-971F-860C0A292BEA}.Release|iPhone.ActiveCfg = Release|Any CPU
		{B1B257AE-7F1E-4CE4-971F-860C0A292BEA}.Release|iPhone.Build.0 = Release|Any CPU
		{B1B257AE-7F1E-4CE4-971F-860C0A292BEA}.Release|iPhoneSimulator.ActiveCfg = Release|Any CPU
		{B1B257AE-7F1E-4CE4-971F-860C0A292BEA}.Release|iPhoneSimulator.Build.0 = Release|Any CPU
		{B1B257AE-7F1E-4CE4-971F-860C0A292BEA}.Release|x64.ActiveCfg = Release|Any CPU
		{B1B257AE-7F1E-4CE4-971F-860C0A292BEA}.Release|x64.Build.0 = Release|Any CPU
		{B1B257AE-7F1E-4CE4-971F-860C0A292BEA}.Release|x86.ActiveCfg = Release|Any CPU
		{B1B257AE-7F1E-4CE4-971F-860C0A292BEA}.Release|x86.Build.0 = Release|Any CPU
	EndGlobalSection
	GlobalSection(SolutionProperties) = preSolution
		HideSolutionNode = FALSE
	EndGlobalSection
	GlobalSection(ExtensibilityGlobals) = postSolution
		SolutionGuid = {184E9604-90F0-4F6A-9616-65F94BA80D94}
	EndGlobalSection
EndGlobal
